
Microsoft Visual Studio Solution File, Format Version 12.00
# Visual Studio Version 17
VisualStudioVersion = 17.3.32901.215
MinimumVisualStudioVersion = 10.0.40219.1
Project("{FAE04EC0-301F-11D3-BF4B-00C04F79EFBC}") = "CameraOmgeving", "CameraOmgeving\CameraOmgeving.csproj", "{9A558915-4ED7-4056-9E1D-9CAF288E230F}"
EndProject
Global
	GlobalSection(SolutionConfigurationPlatforms) = preSolution
		Debug|Any CPU = Debug|Any CPU
		Release|Any CPU = Release|Any CPU
	EndGlobalSection
	GlobalSection(ProjectConfigurationPlatforms) = postSolution
		{9A558915-4ED7-4056-9E1D-9CAF288E230F}.Debug|Any CPU.ActiveCfg = Debug|Any CPU
		{9A558915-4ED7-4056-9E1D-9CAF288E230F}.Debug|Any CPU.Build.0 = Debug|Any CPU
		{9A558915-4ED7-4056-9E1D-9CAF288E230F}.Release|Any CPU.ActiveCfg = Release|Any CPU
		{9A558915-4ED7-4056-9E1D-9CAF288E230F}.Release|Any CPU.Build.0 = Release|Any CPU
	EndGlobalSection
	GlobalSection(SolutionProperties) = preSolution
		HideSolutionNode = FALSE
	EndGlobalSection
	GlobalSection(ExtensibilityGlobals) = postSolution
		SolutionGuid = {D16199BD-1B9E-4A97-916E-BC87A5ABF7E5}
	EndGlobalSection
EndGlobal
